
Microsoft Visual Studio Solution File, Format Version 12.00
# Visual Studio Version 16
VisualStudioVersion = 16.0.29201.188
MinimumVisualStudioVersion = 10.0.40219.1
Project("{FAE04EC0-301F-11D3-BF4B-00C04F79EFBC}") = "testoficina", "testoficina\testoficina.csproj", "{6F60D663-09BF-44DA-89EF-42344FAF0BE9}"
EndProject
Global
	GlobalSection(SolutionConfigurationPlatforms) = preSolution
		Debug|Any CPU = Debug|Any CPU
		Release|Any CPU = Release|Any CPU
	EndGlobalSection
	GlobalSection(ProjectConfigurationPlatforms) = postSolution
		{6F60D663-09BF-44DA-89EF-42344FAF0BE9}.Debug|Any CPU.ActiveCfg = Debug|Any CPU
		{6F60D663-09BF-44DA-89EF-42344FAF0BE9}.Debug|Any CPU.Build.0 = Debug|Any CPU
		{6F60D663-09BF-44DA-89EF-42344FAF0BE9}.Release|Any CPU.ActiveCfg = Release|Any CPU
		{6F60D663-09BF-44DA-89EF-42344FAF0BE9}.Release|Any CPU.Build.0 = Release|Any CPU
	EndGlobalSection
	GlobalSection(SolutionProperties) = preSolution
		HideSolutionNode = FALSE
	EndGlobalSection
	GlobalSection(ExtensibilityGlobals) = postSolution
		SolutionGuid = {E827D4BC-F7EF-4EF6-AE1D-B59264D23685}
	EndGlobalSection
EndGlobal
